# This file is generated by running "yarn install" inside your project.
# Manual changes might be lost - proceed with caution!

__metadata:
  version: 8
  cacheKey: 10c0

"@envelop/core@npm:^5.3.0":
  version: 5.3.1
  resolution: "@envelop/core@npm:5.3.1"
  dependencies:
    "@envelop/instrumentation": "npm:^1.0.0"
    "@envelop/types": "npm:^5.2.1"
    "@whatwg-node/promise-helpers": "npm:^1.2.4"
    tslib: "npm:^2.5.0"
  checksum: 10c0/b925c4809ac1889d822f91669da0e117052eaf26ebbdb911af11a01e4989c68c5771938e2835382d6fcf68a6fd62c14b48de5b7e55d03ecbcd4f1e08994781a4
  languageName: node
  linkType: hard

"@envelop/instrumentation@npm:^1.0.0":
  version: 1.0.0
  resolution: "@envelop/instrumentation@npm:1.0.0"
  dependencies:
    "@whatwg-node/promise-helpers": "npm:^1.2.1"
    tslib: "npm:^2.5.0"
  checksum: 10c0/134df1ac481fb392aafc4522a22bcdc6ef0701f2d15d51b16207f3c9a4c7d3760adfa5f5bcc84f0c0ec7b011d84bcd40fff671eb471bed54bd928c165994b4e3
  languageName: node
  linkType: hard

"@envelop/types@npm:^5.2.1":
  version: 5.2.1
  resolution: "@envelop/types@npm:5.2.1"
  dependencies:
    "@whatwg-node/promise-helpers": "npm:^1.0.0"
    tslib: "npm:^2.5.0"
  checksum: 10c0/2cdbb29d98350d957e18aff38ddf95670c249df894afab7fc888e2a02b43ca029fde96ca2829e5350bf83b982bc0267a5c8f7ee3ed9d353d4f145ebc0dc0b1e0
  languageName: node
  linkType: hard

"@fastify/ajv-compiler@npm:^4.0.0":
  version: 4.0.2
  resolution: "@fastify/ajv-compiler@npm:4.0.2"
  dependencies:
    ajv: "npm:^8.12.0"
    ajv-formats: "npm:^3.0.1"
    fast-uri: "npm:^3.0.0"
  checksum: 10c0/ca048db219cc958fb1b962f5dfc141f29e067ecb28a8dbe782bbef80ae3c920021468009cad613f0ed68db410890bb09c773ba2f33cb13e055b48c9c338bd8fa
  languageName: node
  linkType: hard

"@fastify/busboy@npm:^3.1.1":
  version: 3.2.0
  resolution: "@fastify/busboy@npm:3.2.0"
  checksum: 10c0/3e4fb00a27e3149d1c68de8ff14007d2bbcbbc171a9d050d0a8772e836727329d4d3f130995ebaa19cf537d5d2f5ce2a88000366e6192e751457bfcc2125f351
  languageName: node
  linkType: hard

"@fastify/error@npm:^4.0.0":
  version: 4.2.0
  resolution: "@fastify/error@npm:4.2.0"
  checksum: 10c0/8bdafe95b368a71dfc5644ef22e0a2412dfbb2f300cf4658fdbd9035c96d7c034c53fd7d38e1150437d9cf7a2d75e6bd05e458cf9ba5f2e47e527df8a5e0bd4e
  languageName: node
  linkType: hard

"@fastify/fast-json-stringify-compiler@npm:^5.0.0":
  version: 5.0.3
  resolution: "@fastify/fast-json-stringify-compiler@npm:5.0.3"
  dependencies:
    fast-json-stringify: "npm:^6.0.0"
  checksum: 10c0/1f0e33c973fc228de44d997a8a1a43e883a580a8c971773bb9cb2375b0114694f81b47c52ac7e788eb6372d1f3dfc10be3176bad354a80d502d8b26a93dbc6c9
  languageName: node
  linkType: hard

"@fastify/forwarded@npm:^3.0.0":
  version: 3.0.0
  resolution: "@fastify/forwarded@npm:3.0.0"
  checksum: 10c0/bd139ee46c193ed9e04af2539f31fcb9e542b91917820f6cf401d5715c4c8bcccaae4a148e0ca14eeddee077ad8a3ab73e6f0f1ad769aff861fcef5f0a28e0d2
  languageName: node
  linkType: hard

"@fastify/merge-json-schemas@npm:^0.2.0":
  version: 0.2.1
  resolution: "@fastify/merge-json-schemas@npm:0.2.1"
  dependencies:
    dequal: "npm:^2.0.3"
  checksum: 10c0/dfa884a8f62d53f71de273fdcd0e501b213367767a7d8c522ae87ba6fb571b3eea85175d6e019036d7c0c5419be60305abe54899b9459f76ed5333358699efcb
  languageName: node
  linkType: hard

"@fastify/proxy-addr@npm:^5.0.0":
  version: 5.0.0
  resolution: "@fastify/proxy-addr@npm:5.0.0"
  dependencies:
    "@fastify/forwarded": "npm:^3.0.0"
    ipaddr.js: "npm:^2.1.0"
  checksum: 10c0/5a7d667480c3699015aa9bc12a47b6044106f412725d91a1b90f4a7845390c710486f05d322a895c633fb32a5ba1a17e598cb72e727337862034034443d59bcd
  languageName: node
  linkType: hard

"@graphql-tools/executor@npm:^1.4.0":
  version: 1.4.9
  resolution: "@graphql-tools/executor@npm:1.4.9"
  dependencies:
    "@graphql-tools/utils": "npm:^10.9.1"
    "@graphql-typed-document-node/core": "npm:^3.2.0"
    "@repeaterjs/repeater": "npm:^3.0.4"
    "@whatwg-node/disposablestack": "npm:^0.0.6"
    "@whatwg-node/promise-helpers": "npm:^1.0.0"
    tslib: "npm:^2.4.0"
  peerDependencies:
    graphql: ^14.0.0 || ^15.0.0 || ^16.0.0 || ^17.0.0
  checksum: 10c0/71c8818915e62cdeaf5aec3ffbb6a98d158aacb809258059a0f7695c456a8457f9fd0a007924869f72cca4196cbe0076c5f520c7c7e493b85deba1d3610b1b93
  languageName: node
  linkType: hard

"@graphql-tools/merge@npm:^9.1.1":
  version: 9.1.1
  resolution: "@graphql-tools/merge@npm:9.1.1"
  dependencies:
    "@graphql-tools/utils": "npm:^10.9.1"
    tslib: "npm:^2.4.0"
  peerDependencies:
    graphql: ^14.0.0 || ^15.0.0 || ^16.0.0 || ^17.0.0
  checksum: 10c0/61464f3cd3989101400cc0258cef700ad9763f2fc6b42638e26aeca6f641441aa1690649ea6a7c4d7183762a93654d92c64abcd8e057815056e51767659ce0a4
  languageName: node
  linkType: hard

"@graphql-tools/schema@npm:^10.0.11":
  version: 10.0.25
  resolution: "@graphql-tools/schema@npm:10.0.25"
  dependencies:
    "@graphql-tools/merge": "npm:^9.1.1"
    "@graphql-tools/utils": "npm:^10.9.1"
    tslib: "npm:^2.4.0"
  peerDependencies:
    graphql: ^14.0.0 || ^15.0.0 || ^16.0.0 || ^17.0.0
  checksum: 10c0/13c41119a2b01fecd9b863175b888987de045cf794561582bed921f167b6c4d0ac43d05115359a31dfce5222ddc659ea49179b62064da575e16028827e9b9db8
  languageName: node
  linkType: hard

"@graphql-tools/utils@npm:^10.6.2, @graphql-tools/utils@npm:^10.9.1":
  version: 10.9.1
  resolution: "@graphql-tools/utils@npm:10.9.1"
  dependencies:
    "@graphql-typed-document-node/core": "npm:^3.1.1"
    "@whatwg-node/promise-helpers": "npm:^1.0.0"
    cross-inspect: "npm:1.0.1"
    dset: "npm:^3.1.4"
    tslib: "npm:^2.4.0"
  peerDependencies:
    graphql: ^14.0.0 || ^15.0.0 || ^16.0.0 || ^17.0.0
  checksum: 10c0/97199f52d0235124d4371f7f54cc0df5ce9df6d8aae716ac05d8ebeda4b5ee3faf1fca94d5d1c521a565e152f8e02a1abfb9c2629ffe805c14468aec0c3d41cf
  languageName: node
  linkType: hard

"@graphql-typed-document-node/core@npm:^3.1.1, @graphql-typed-document-node/core@npm:^3.2.0":
  version: 3.2.0
  resolution: "@graphql-typed-document-node/core@npm:3.2.0"
  peerDependencies:
    graphql: ^0.8.0 || ^0.9.0 || ^0.10.0 || ^0.11.0 || ^0.12.0 || ^0.13.0 || ^14.0.0 || ^15.0.0 || ^16.0.0 || ^17.0.0
  checksum: 10c0/94e9d75c1f178bbae8d874f5a9361708a3350c8def7eaeb6920f2c820e82403b7d4f55b3735856d68e145e86c85cbfe2adc444fdc25519cd51f108697e99346c
  languageName: node
  linkType: hard

"@graphql-yoga/logger@npm:^2.0.1":
  version: 2.0.1
  resolution: "@graphql-yoga/logger@npm:2.0.1"
  dependencies:
    tslib: "npm:^2.8.1"
  checksum: 10c0/4469576de1b542256ca0da8b3c6c3bba3380bf784b43e4407203ef9037b1955151f1361913f5301aca31203f2e6f63f6bd0fe6da020c325ceac0e56f18574abe
  languageName: node
  linkType: hard

"@graphql-yoga/subscription@npm:^5.0.5":
  version: 5.0.5
  resolution: "@graphql-yoga/subscription@npm:5.0.5"
  dependencies:
    "@graphql-yoga/typed-event-target": "npm:^3.0.2"
    "@repeaterjs/repeater": "npm:^3.0.4"
    "@whatwg-node/events": "npm:^0.1.0"
    tslib: "npm:^2.8.1"
  checksum: 10c0/5828800163da6bdd936dca08d6fa80954bb3c56be1d79f0d0a2682ff54a523f971d4f2b2bcaba2fe2ecf0d06e42a49d3c2f770b641dd97c74b75ad90a3437c59
  languageName: node
  linkType: hard

"@graphql-yoga/typed-event-target@npm:^3.0.2":
  version: 3.0.2
  resolution: "@graphql-yoga/typed-event-target@npm:3.0.2"
  dependencies:
    "@repeaterjs/repeater": "npm:^3.0.4"
    tslib: "npm:^2.8.1"
  checksum: 10c0/51b4205aa25d47273aa887507040e702e6d9bb26fbc48c3187d38f4919f34b9fc0b22f28cdc83079c72912bf0d563619c141fae10a5d34ef69740da8b897ff81
  languageName: node
  linkType: hard

"@my-routines/app@workspace:.":
  version: 0.0.0-use.local
  resolution: "@my-routines/app@workspace:."
  languageName: unknown
  linkType: soft

"@my-routines/backend@workspace:backend":
  version: 0.0.0-use.local
  resolution: "@my-routines/backend@workspace:backend"
  dependencies:
    fastify: "npm:^5.6.0"
    graphql: "npm:^16.11.0"
    graphql-yoga: "npm:^5.15.2"
    typescript: "npm:^5.9.2"
  languageName: unknown
  linkType: soft

"@my-routines/frontend@workspace:frontend":
  version: 0.0.0-use.local
  resolution: "@my-routines/frontend@workspace:frontend"
  dependencies:
    typescript: "npm:^5.9.2"
  languageName: unknown
  linkType: soft

"@repeaterjs/repeater@npm:^3.0.4":
  version: 3.0.6
  resolution: "@repeaterjs/repeater@npm:3.0.6"
  checksum: 10c0/c3915e2603927c7d6a9eb09673bc28fc49ab3a86947ec191a74663b33deebee2fcc4b03c31cc663ff27bd6db9e6c9487639b6935e265d601ce71b8c497f5f4a8
  languageName: node
  linkType: hard

"@whatwg-node/disposablestack@npm:^0.0.6":
  version: 0.0.6
  resolution: "@whatwg-node/disposablestack@npm:0.0.6"
  dependencies:
    "@whatwg-node/promise-helpers": "npm:^1.0.0"
    tslib: "npm:^2.6.3"
  checksum: 10c0/e751da9f8552728f28a140fd78c1da88be167ee8a5688371da88e024a2bf151298d194a61c9750b44bbbb4cf5c687959d495d41b1388e4cfcfe9dbe3584c79b3
  languageName: node
  linkType: hard

"@whatwg-node/events@npm:^0.1.0":
  version: 0.1.2
  resolution: "@whatwg-node/events@npm:0.1.2"
  dependencies:
    tslib: "npm:^2.6.3"
  checksum: 10c0/d49d760081f94f514a70e0508e5485549744173612eafa70bda8400ec5558e36024135d2097051b4f4adf696242e0cf2171e918285823f8cc81ba46493c7169d
  languageName: node
  linkType: hard

"@whatwg-node/fetch@npm:^0.10.10, @whatwg-node/fetch@npm:^0.10.6":
  version: 0.10.10
  resolution: "@whatwg-node/fetch@npm:0.10.10"
  dependencies:
    "@whatwg-node/node-fetch": "npm:^0.7.25"
    urlpattern-polyfill: "npm:^10.0.0"
  checksum: 10c0/f8d94d58402176279c99517ab516a3c51f64c3eecc825b09ea46a4088c9928a713041f688a635be1b4ee351f0819360f7d936161420cce0d43307630c1bc4821
  languageName: node
  linkType: hard

"@whatwg-node/node-fetch@npm:^0.7.25":
  version: 0.7.25
  resolution: "@whatwg-node/node-fetch@npm:0.7.25"
  dependencies:
    "@fastify/busboy": "npm:^3.1.1"
    "@whatwg-node/disposablestack": "npm:^0.0.6"
    "@whatwg-node/promise-helpers": "npm:^1.3.2"
    tslib: "npm:^2.6.3"
  checksum: 10c0/8799a00977ce6ca1b2da903dc9174d82eca77529a13f0e795f2caa87a97bbff65a5e23d51b42cc848358776d58b9a6377809063abe7297b7f31c32ca2e4856b7
  languageName: node
  linkType: hard

"@whatwg-node/promise-helpers@npm:^1.0.0, @whatwg-node/promise-helpers@npm:^1.2.1, @whatwg-node/promise-helpers@npm:^1.2.4, @whatwg-node/promise-helpers@npm:^1.3.2":
  version: 1.3.2
  resolution: "@whatwg-node/promise-helpers@npm:1.3.2"
  dependencies:
    tslib: "npm:^2.6.3"
  checksum: 10c0/d20e8d740cfa1f0eac7dce11e8a7a84f1567513a8ff0bd1772724b581a8ca77df3f9600a95047c0d2628335626113fa98367517abd01c1ff49817fccf225a29a
  languageName: node
  linkType: hard

"@whatwg-node/server@npm:^0.10.5":
  version: 0.10.12
  resolution: "@whatwg-node/server@npm:0.10.12"
  dependencies:
    "@envelop/instrumentation": "npm:^1.0.0"
    "@whatwg-node/disposablestack": "npm:^0.0.6"
    "@whatwg-node/fetch": "npm:^0.10.10"
    "@whatwg-node/promise-helpers": "npm:^1.3.2"
    tslib: "npm:^2.6.3"
  checksum: 10c0/160fa40d615df6f30260c5c2a188bbf1fe37021a01511afd28ae1ae4351035f343944b38c596cc80e642f93f7b42bfa6e763f34278d3200cb20d9e4b764c5ae5
  languageName: node
  linkType: hard

"abstract-logging@npm:^2.0.1":
  version: 2.0.1
  resolution: "abstract-logging@npm:2.0.1"
  checksum: 10c0/304879d9babcf6772260e5ddde632e6428e1f42f7a7a116d4689e97ad813a20e0ec2dd1e0a122f3617557f40091b9ca85735de4b48c17a2041268cb47b3f8ef1
  languageName: node
  linkType: hard

"ajv-formats@npm:^3.0.1":
  version: 3.0.1
  resolution: "ajv-formats@npm:3.0.1"
  dependencies:
    ajv: "npm:^8.0.0"
  peerDependencies:
    ajv: ^8.0.0
  peerDependenciesMeta:
    ajv:
      optional: true
  checksum: 10c0/168d6bca1ea9f163b41c8147bae537e67bd963357a5488a1eaf3abe8baa8eec806d4e45f15b10767e6020679315c7e1e5e6803088dfb84efa2b4e9353b83dd0a
  languageName: node
  linkType: hard

"ajv@npm:^8.0.0, ajv@npm:^8.12.0":
  version: 8.17.1
  resolution: "ajv@npm:8.17.1"
  dependencies:
    fast-deep-equal: "npm:^3.1.3"
    fast-uri: "npm:^3.0.1"
    json-schema-traverse: "npm:^1.0.0"
    require-from-string: "npm:^2.0.2"
  checksum: 10c0/ec3ba10a573c6b60f94639ffc53526275917a2df6810e4ab5a6b959d87459f9ef3f00d5e7865b82677cb7d21590355b34da14d1d0b9c32d75f95a187e76fff35
  languageName: node
  linkType: hard

"atomic-sleep@npm:^1.0.0":
  version: 1.0.0
  resolution: "atomic-sleep@npm:1.0.0"
  checksum: 10c0/e329a6665512736a9bbb073e1761b4ec102f7926cce35037753146a9db9c8104f5044c1662e4a863576ce544fb8be27cd2be6bc8c1a40147d03f31eb1cfb6e8a
  languageName: node
  linkType: hard

"avvio@npm:^9.0.0":
  version: 9.1.0
  resolution: "avvio@npm:9.1.0"
  dependencies:
    "@fastify/error": "npm:^4.0.0"
    fastq: "npm:^1.17.1"
  checksum: 10c0/bdc294a7e8f38e1e21f9d338d97d7240025db54f1005fc419cfe0499a35edf2276ab1fe91135739faa3a9437358ec6912d5a56f23361b061880333cb4f1c7884
  languageName: node
  linkType: hard

"cookie@npm:^1.0.1":
  version: 1.0.2
  resolution: "cookie@npm:1.0.2"
  checksum: 10c0/fd25fe79e8fbcfcaf6aa61cd081c55d144eeeba755206c058682257cb38c4bd6795c6620de3f064c740695bb65b7949ebb1db7a95e4636efb8357a335ad3f54b
  languageName: node
  linkType: hard

"cross-inspect@npm:1.0.1":
  version: 1.0.1
  resolution: "cross-inspect@npm:1.0.1"
  dependencies:
    tslib: "npm:^2.4.0"
  checksum: 10c0/2493ee47a801b46ede1c42ca6242b8d2059f7319b5baf23887bbaf46a6ea8e536d2e271d0990176c05092f67b32d084ffd8c93e7c1227eff4a06cceadb49af47
  languageName: node
  linkType: hard

"dequal@npm:^2.0.3":
  version: 2.0.3
  resolution: "dequal@npm:2.0.3"
  checksum: 10c0/f98860cdf58b64991ae10205137c0e97d384c3a4edc7f807603887b7c4b850af1224a33d88012009f150861cbee4fa2d322c4cc04b9313bee312e47f6ecaa888
  languageName: node
  linkType: hard

"dset@npm:^3.1.4":
  version: 3.1.4
  resolution: "dset@npm:3.1.4"
  checksum: 10c0/b67bbd28dd8a539e90c15ffb61100eb64ef995c5270a124d4f99bbb53f4d82f55a051b731ba81f3215dd9dce2b4c8d69927dc20b3be1c5fc88bab159467aa438
  languageName: node
  linkType: hard

"fast-decode-uri-component@npm:^1.0.1":
  version: 1.0.1
  resolution: "fast-decode-uri-component@npm:1.0.1"
  checksum: 10c0/039d50c2e99d64f999c3f2126c23fbf75a04a4117e218a149ca0b1d2aeb8c834b7b19d643b9d35d4eabce357189a6a94085f78cf48869e6e26cc59b036284bc3
  languageName: node
  linkType: hard

"fast-deep-equal@npm:^3.1.3":
  version: 3.1.3
  resolution: "fast-deep-equal@npm:3.1.3"
  checksum: 10c0/40dedc862eb8992c54579c66d914635afbec43350afbbe991235fdcb4e3a8d5af1b23ae7e79bef7d4882d0ecee06c3197488026998fb19f72dc95acff1d1b1d0
  languageName: node
  linkType: hard

"fast-json-stringify@npm:^6.0.0":
  version: 6.0.1
  resolution: "fast-json-stringify@npm:6.0.1"
  dependencies:
    "@fastify/merge-json-schemas": "npm:^0.2.0"
    ajv: "npm:^8.12.0"
    ajv-formats: "npm:^3.0.1"
    fast-uri: "npm:^3.0.0"
    json-schema-ref-resolver: "npm:^2.0.0"
    rfdc: "npm:^1.2.0"
  checksum: 10c0/898aecd164707bced980fef61b0480dd80a47f87674d7643a75a60e5eca346018ba2552de200260030215d89f218d9cd7f342df14eec88ed44d45c81e4aa0eb4
  languageName: node
  linkType: hard

"fast-querystring@npm:^1.0.0":
  version: 1.1.2
  resolution: "fast-querystring@npm:1.1.2"
  dependencies:
    fast-decode-uri-component: "npm:^1.0.1"
  checksum: 10c0/e8223273a9b199722f760f5a047a77ad049a14bd444b821502cb8218f5925e3a5fffb56b64389bca73ab2ac6f1aa7aebbe4e203e5f6e53ff5978de97c0fde4e3
  languageName: node
  linkType: hard

"fast-redact@npm:^3.1.1":
  version: 3.5.0
  resolution: "fast-redact@npm:3.5.0"
  checksum: 10c0/7e2ce4aad6e7535e0775bf12bd3e4f2e53d8051d8b630e0fa9e67f68cb0b0e6070d2f7a94b1d0522ef07e32f7c7cda5755e2b677a6538f1e9070ca053c42343a
  languageName: node
  linkType: hard

"fast-uri@npm:^3.0.0, fast-uri@npm:^3.0.1":
  version: 3.1.0
  resolution: "fast-uri@npm:3.1.0"
  checksum: 10c0/44364adca566f70f40d1e9b772c923138d47efeac2ae9732a872baafd77061f26b097ba2f68f0892885ad177becd065520412b8ffeec34b16c99433c5b9e2de7
  languageName: node
  linkType: hard

"fastify@npm:^5.6.0":
  version: 5.6.0
  resolution: "fastify@npm:5.6.0"
  dependencies:
    "@fastify/ajv-compiler": "npm:^4.0.0"
    "@fastify/error": "npm:^4.0.0"
    "@fastify/fast-json-stringify-compiler": "npm:^5.0.0"
    "@fastify/proxy-addr": "npm:^5.0.0"
    abstract-logging: "npm:^2.0.1"
    avvio: "npm:^9.0.0"
    fast-json-stringify: "npm:^6.0.0"
    find-my-way: "npm:^9.0.0"
    light-my-request: "npm:^6.0.0"
    pino: "npm:^9.0.0"
    process-warning: "npm:^5.0.0"
    rfdc: "npm:^1.3.1"
    secure-json-parse: "npm:^4.0.0"
    semver: "npm:^7.6.0"
    toad-cache: "npm:^3.7.0"
  checksum: 10c0/551c599cf19c358b050a1eaeeb36232cdeaa952cd72fc756283cd13a7ab06cdf93df56a918525b0291f927fba894663d01dca9fcd4d783de878bf61e973ded4c
  languageName: node
  linkType: hard

"fastq@npm:^1.17.1":
  version: 1.19.1
  resolution: "fastq@npm:1.19.1"
  dependencies:
    reusify: "npm:^1.0.4"
  checksum: 10c0/ebc6e50ac7048daaeb8e64522a1ea7a26e92b3cee5cd1c7f2316cdca81ba543aa40a136b53891446ea5c3a67ec215fbaca87ad405f102dd97012f62916905630
  languageName: node
  linkType: hard

"find-my-way@npm:^9.0.0":
  version: 9.3.0
  resolution: "find-my-way@npm:9.3.0"
  dependencies:
    fast-deep-equal: "npm:^3.1.3"
    fast-querystring: "npm:^1.0.0"
    safe-regex2: "npm:^5.0.0"
  checksum: 10c0/f221bc0c70b2c2a6f9282fd3e0ac1911fcbb68ac718da043ddcefdec3b9d884a54d6ef1bf92e1b2ff83400e50f3c22141206a8ea3308bf0e9e37fd177843425d
  languageName: node
  linkType: hard

"graphql-yoga@npm:^5.15.2":
  version: 5.15.2
  resolution: "graphql-yoga@npm:5.15.2"
  dependencies:
    "@envelop/core": "npm:^5.3.0"
    "@envelop/instrumentation": "npm:^1.0.0"
    "@graphql-tools/executor": "npm:^1.4.0"
    "@graphql-tools/schema": "npm:^10.0.11"
    "@graphql-tools/utils": "npm:^10.6.2"
    "@graphql-yoga/logger": "npm:^2.0.1"
    "@graphql-yoga/subscription": "npm:^5.0.5"
    "@whatwg-node/fetch": "npm:^0.10.6"
    "@whatwg-node/promise-helpers": "npm:^1.2.4"
    "@whatwg-node/server": "npm:^0.10.5"
    dset: "npm:^3.1.4"
    lru-cache: "npm:^10.0.0"
    tslib: "npm:^2.8.1"
  peerDependencies:
    graphql: ^15.2.0 || ^16.0.0
  checksum: 10c0/d6cf780a8d84a35cc69956f87237d291a8fd3c300513cb590df1ff5d3f40cdb7ae970baea1c7a551bd77e83d2e1b98494e3cd52b27d74a8af961275e2b05efd3
  languageName: node
  linkType: hard

"graphql@npm:^16.11.0":
  version: 16.11.0
  resolution: "graphql@npm:16.11.0"
  checksum: 10c0/124da7860a2292e9acf2fed0c71fc0f6a9b9ca865d390d112bdd563c1f474357141501c12891f4164fe984315764736ad67f705219c62f7580681d431a85db88
  languageName: node
  linkType: hard

"ipaddr.js@npm:^2.1.0":
  version: 2.2.0
  resolution: "ipaddr.js@npm:2.2.0"
  checksum: 10c0/e4ee875dc1bd92ac9d27e06cfd87cdb63ca786ff9fd7718f1d4f7a8ef27db6e5d516128f52d2c560408cbb75796ac2f83ead669e73507c86282d45f84c5abbb6
  languageName: node
  linkType: hard

"json-schema-ref-resolver@npm:^2.0.0":
  version: 2.0.1
  resolution: "json-schema-ref-resolver@npm:2.0.1"
  dependencies:
    dequal: "npm:^2.0.3"
  checksum: 10c0/3ea894d79dd176b4ef31f1a3b7b335447b854780f2bc49af2918de0502d3eabad1889232a7a72c37f1c7ca429acc2eaad940ca5fd25f8ead044d5fecb00e0378
  languageName: node
  linkType: hard

"json-schema-traverse@npm:^1.0.0":
  version: 1.0.0
  resolution: "json-schema-traverse@npm:1.0.0"
  checksum: 10c0/71e30015d7f3d6dc1c316d6298047c8ef98a06d31ad064919976583eb61e1018a60a0067338f0f79cabc00d84af3fcc489bd48ce8a46ea165d9541ba17fb30c6
  languageName: node
  linkType: hard

"light-my-request@npm:^6.0.0":
  version: 6.6.0
  resolution: "light-my-request@npm:6.6.0"
  dependencies:
    cookie: "npm:^1.0.1"
    process-warning: "npm:^4.0.0"
    set-cookie-parser: "npm:^2.6.0"
  checksum: 10c0/1440853cd3822ab83fbb1be4456099082dec8e9e3a4ea35c9d8d7d17a7ab98c83ad0a4c39a73a8c2b31b9ca70c57506e5b7a929495c149463ca0daca0d90dc6f
  languageName: node
  linkType: hard

"lru-cache@npm:^10.0.0":
  version: 10.4.3
  resolution: "lru-cache@npm:10.4.3"
  checksum: 10c0/ebd04fbca961e6c1d6c0af3799adcc966a1babe798f685bb84e6599266599cd95d94630b10262f5424539bc4640107e8a33aa28585374abf561d30d16f4b39fb
  languageName: node
  linkType: hard

"on-exit-leak-free@npm:^2.1.0":
  version: 2.1.2
  resolution: "on-exit-leak-free@npm:2.1.2"
  checksum: 10c0/faea2e1c9d696ecee919026c32be8d6a633a7ac1240b3b87e944a380e8a11dc9c95c4a1f8fb0568de7ab8db3823e790f12bda45296b1d111e341aad3922a0570
  languageName: node
  linkType: hard

"pino-abstract-transport@npm:^2.0.0":
  version: 2.0.0
  resolution: "pino-abstract-transport@npm:2.0.0"
  dependencies:
    split2: "npm:^4.0.0"
  checksum: 10c0/02c05b8f2ffce0d7c774c8e588f61e8b77de8ccb5f8125afd4a7325c9ea0e6af7fb78168999657712ae843e4462bb70ac550dfd6284f930ee57f17f486f25a9f
  languageName: node
  linkType: hard

"pino-std-serializers@npm:^7.0.0":
  version: 7.0.0
  resolution: "pino-std-serializers@npm:7.0.0"
  checksum: 10c0/73e694d542e8de94445a03a98396cf383306de41fd75ecc07085d57ed7a57896198508a0dec6eefad8d701044af21eb27253ccc352586a03cf0d4a0bd25b4133
  languageName: node
  linkType: hard

"pino@npm:^9.0.0":
  version: 9.9.5
  resolution: "pino@npm:9.9.5"
  dependencies:
    atomic-sleep: "npm:^1.0.0"
    fast-redact: "npm:^3.1.1"
    on-exit-leak-free: "npm:^2.1.0"
    pino-abstract-transport: "npm:^2.0.0"
    pino-std-serializers: "npm:^7.0.0"
    process-warning: "npm:^5.0.0"
    quick-format-unescaped: "npm:^4.0.3"
    real-require: "npm:^0.2.0"
    safe-stable-stringify: "npm:^2.3.1"
    sonic-boom: "npm:^4.0.1"
    thread-stream: "npm:^3.0.0"
  bin:
    pino: bin.js
  checksum: 10c0/2b43de21fac267ef4b7267e14b4dbf207509f16cb81755c3bf54d325c45028a88457a369b7e2118fe534cbf2b313f28cf29cc0caa54dce60ea66c8b6084c8b6c
  languageName: node
  linkType: hard

"process-warning@npm:^4.0.0":
  version: 4.0.1
  resolution: "process-warning@npm:4.0.1"
  checksum: 10c0/577a268b9fd5c3d9f6dbb4348220099391d830905642845d591e7ee8b1e45043d98b7b9826a3c1379bdd1686cdfe0f6cf349cb812affc5853b662e6a9896579e
  languageName: node
  linkType: hard

"process-warning@npm:^5.0.0":
  version: 5.0.0
  resolution: "process-warning@npm:5.0.0"
  checksum: 10c0/941f48863d368ec161e0b5890ba0c6af94170078f3d6b5e915c19b36fb59edb0dc2f8e834d25e0d375a8bf368a49d490f080508842168832b93489d17843ec29
  languageName: node
  linkType: hard

"quick-format-unescaped@npm:^4.0.3":
  version: 4.0.4
  resolution: "quick-format-unescaped@npm:4.0.4"
  checksum: 10c0/fe5acc6f775b172ca5b4373df26f7e4fd347975578199e7d74b2ae4077f0af05baa27d231de1e80e8f72d88275ccc6028568a7a8c9ee5e7368ace0e18eff93a4
  languageName: node
  linkType: hard

"real-require@npm:^0.2.0":
  version: 0.2.0
  resolution: "real-require@npm:0.2.0"
  checksum: 10c0/23eea5623642f0477412ef8b91acd3969015a1501ed34992ada0e3af521d3c865bb2fe4cdbfec5fe4b505f6d1ef6a03e5c3652520837a8c3b53decff7e74b6a0
  languageName: node
  linkType: hard

"require-from-string@npm:^2.0.2":
  version: 2.0.2
  resolution: "require-from-string@npm:2.0.2"
  checksum: 10c0/aaa267e0c5b022fc5fd4eef49d8285086b15f2a1c54b28240fdf03599cbd9c26049fee3eab894f2e1f6ca65e513b030a7c264201e3f005601e80c49fb2937ce2
  languageName: node
  linkType: hard

"ret@npm:~0.5.0":
  version: 0.5.0
  resolution: "ret@npm:0.5.0"
  checksum: 10c0/220868b194f87bf1998e32e409086eec6b39e860c052bf267f8ad4d0131706a9773d45fd3f91acfb1a7c928fce002b694ab86fdba90bc8d4b8df68fa8645c5cc
  languageName: node
  linkType: hard

"reusify@npm:^1.0.4":
  version: 1.1.0
  resolution: "reusify@npm:1.1.0"
  checksum: 10c0/4eff0d4a5f9383566c7d7ec437b671cc51b25963bd61bf127c3f3d3f68e44a026d99b8d2f1ad344afff8d278a8fe70a8ea092650a716d22287e8bef7126bb2fa
  languageName: node
  linkType: hard

"rfdc@npm:^1.2.0, rfdc@npm:^1.3.1":
  version: 1.4.1
  resolution: "rfdc@npm:1.4.1"
  checksum: 10c0/4614e4292356cafade0b6031527eea9bc90f2372a22c012313be1dcc69a3b90c7338158b414539be863fa95bfcb2ddcd0587be696841af4e6679d85e62c060c7
  languageName: node
  linkType: hard

"safe-regex2@npm:^5.0.0":
  version: 5.0.0
  resolution: "safe-regex2@npm:5.0.0"
  dependencies:
    ret: "npm:~0.5.0"
  checksum: 10c0/83d5b1b60a5a97cb71a6e615518ec4a47761b3600aba389089be59a417498185250db2368080afc2f5e91237d68809c6c634b97a2e1cc8bd56a4c7eef2eeb6cf
  languageName: node
  linkType: hard

"safe-stable-stringify@npm:^2.3.1":
  version: 2.5.0
  resolution: "safe-stable-stringify@npm:2.5.0"
  checksum: 10c0/baea14971858cadd65df23894a40588ed791769db21bafb7fd7608397dbdce9c5aac60748abae9995e0fc37e15f2061980501e012cd48859740796bea2987f49
  languageName: node
  linkType: hard

"secure-json-parse@npm:^4.0.0":
  version: 4.0.0
  resolution: "secure-json-parse@npm:4.0.0"
  checksum: 10c0/1a298cf00e1de91e833cee5eb406d6e77fb2f7eca9bef3902047d49e7f5d3e6c21b5de61ff73466c831e716430bfe87d732a6e645a7dabb5f1e8a8e4d3e15eb4
  languageName: node
  linkType: hard

"semver@npm:^7.6.0":
  version: 7.7.2
  resolution: "semver@npm:7.7.2"
  bin:
    semver: bin/semver.js
  checksum: 10c0/aca305edfbf2383c22571cb7714f48cadc7ac95371b4b52362fb8eeffdfbc0de0669368b82b2b15978f8848f01d7114da65697e56cd8c37b0dab8c58e543f9ea
  languageName: node
  linkType: hard

"set-cookie-parser@npm:^2.6.0":
  version: 2.7.1
  resolution: "set-cookie-parser@npm:2.7.1"
  checksum: 10c0/060c198c4c92547ac15988256f445eae523f57f2ceefeccf52d30d75dedf6bff22b9c26f756bd44e8e560d44ff4ab2130b178bd2e52ef5571bf7be3bd7632d9a
  languageName: node
  linkType: hard

"sonic-boom@npm:^4.0.1":
  version: 4.2.0
  resolution: "sonic-boom@npm:4.2.0"
  dependencies:
    atomic-sleep: "npm:^1.0.0"
  checksum: 10c0/ae897e6c2cd6d3cb7cdcf608bc182393b19c61c9413a85ce33ffd25891485589f39bece0db1de24381d0a38fc03d08c9862ded0c60f184f1b852f51f97af9684
  languageName: node
  linkType: hard

"split2@npm:^4.0.0":
  version: 4.2.0
  resolution: "split2@npm:4.2.0"
  checksum: 10c0/b292beb8ce9215f8c642bb68be6249c5a4c7f332fc8ecadae7be5cbdf1ea95addc95f0459ef2e7ad9d45fd1064698a097e4eb211c83e772b49bc0ee423e91534
  languageName: node
  linkType: hard

"thread-stream@npm:^3.0.0":
  version: 3.1.0
  resolution: "thread-stream@npm:3.1.0"
  dependencies:
    real-require: "npm:^0.2.0"
  checksum: 10c0/c36118379940b77a6ef3e6f4d5dd31e97b8210c3f7b9a54eb8fe6358ab173f6d0acfaf69b9c3db024b948c0c5fd2a7df93e2e49151af02076b35ada3205ec9a6
  languageName: node
  linkType: hard

"toad-cache@npm:^3.7.0":
  version: 3.7.0
  resolution: "toad-cache@npm:3.7.0"
  checksum: 10c0/7dae2782ee20b22c9798bb8b71dec7ec6a0091021d2ea9dd6e8afccab6b65b358fdba49a02209fac574499702e2c000660721516c87c2538d1b2c0ba03e8c0c3
  languageName: node
  linkType: hard

"tslib@npm:^2.4.0, tslib@npm:^2.5.0, tslib@npm:^2.6.3, tslib@npm:^2.8.1":
  version: 2.8.1
  resolution: "tslib@npm:2.8.1"
  checksum: 10c0/9c4759110a19c53f992d9aae23aac5ced636e99887b51b9e61def52611732872ff7668757d4e4c61f19691e36f4da981cd9485e869b4a7408d689f6bf1f14e62
  languageName: node
  linkType: hard

"typescript@npm:^5.9.2":
  version: 5.9.2
  resolution: "typescript@npm:5.9.2"
  bin:
    tsc: bin/tsc
    tsserver: bin/tsserver
  checksum: 10c0/cd635d50f02d6cf98ed42de2f76289701c1ec587a363369255f01ed15aaf22be0813226bff3c53e99d971f9b540e0b3cc7583dbe05faded49b1b0bed2f638a18
  languageName: node
  linkType: hard

"typescript@patch:typescript@npm%3A^5.9.2#optional!builtin<compat/typescript>":
  version: 5.9.2
  resolution: "typescript@patch:typescript@npm%3A5.9.2#optional!builtin<compat/typescript>::version=5.9.2&hash=5786d5"
  bin:
    tsc: bin/tsc
    tsserver: bin/tsserver
  checksum: 10c0/34d2a8e23eb8e0d1875072064d5e1d9c102e0bdce56a10a25c0b917b8aa9001a9cf5c225df12497e99da107dc379360bc138163c66b55b95f5b105b50578067e
  languageName: node
  linkType: hard

"urlpattern-polyfill@npm:^10.0.0":
  version: 10.1.0
  resolution: "urlpattern-polyfill@npm:10.1.0"
  checksum: 10c0/5b124fd8d0ae920aa2a48b49a7a3b9ad1643b5ce7217b808fb6877826e751cabc01897fd4c85cd1989c4e729072b63aad5c3ba1c1325e4433e0d2f6329156bf1
  languageName: node
  linkType: hard
