# This file is generated by running "yarn install" inside your project.
# Manual changes might be lost - proceed with caution!

__metadata:
  version: 8
  cacheKey: 10c0

"@my-routines/app@workspace:.":
  version: 0.0.0-use.local
  resolution: "@my-routines/app@workspace:."
  languageName: unknown
  linkType: soft

"@my-routines/backend@workspace:backend":
  version: 0.0.0-use.local
  resolution: "@my-routines/backend@workspace:backend"
  languageName: unknown
  linkType: soft

"@my-routines/frontend@workspace:frontend":
  version: 0.0.0-use.local
  resolution: "@my-routines/frontend@workspace:frontend"
  languageName: unknown
  linkType: soft
